
Microsoft Visual Studio Solution File, Format Version 12.00
# Visual Studio Version 16
VisualStudioVersion = 16.0.31702.278
MinimumVisualStudioVersion = 10.0.40219.1
Project("{9A19103F-16F7-4668-BE54-9A1E7A4F7556}") = "OnlineStoreSara", "OnlineStoreSara.csproj", "{B8F504F4-6FC8-49B2-8D61-162D0A424AC7}"
EndProject
Project("{FAE04EC0-301F-11D3-BF4B-00C04F79EFBC}") = "RDLCReportDesign", "..\RDLCReportDesign\RDLCReportDesign.csproj", "{0CB04FCB-C0B6-4D36-98DE-8A850942DC42}"
EndProject
Global
	GlobalSection(SolutionConfigurationPlatforms) = preSolution
		Debug|Any CPU = Debug|Any CPU
		Release|Any CPU = Release|Any CPU
	EndGlobalSection
	GlobalSection(ProjectConfigurationPlatforms) = postSolution
		{B8F504F4-6FC8-49B2-8D61-162D0A424AC7}.Debug|Any CPU.ActiveCfg = Debug|Any CPU
		{B8F504F4-6FC8-49B2-8D61-162D0A424AC7}.Debug|Any CPU.Build.0 = Debug|Any CPU
		{B8F504F4-6FC8-49B2-8D61-162D0A424AC7}.Release|Any CPU.ActiveCfg = Release|Any CPU
		{B8F504F4-6FC8-49B2-8D61-162D0A424AC7}.Release|Any CPU.Build.0 = Release|Any CPU
		{0CB04FCB-C0B6-4D36-98DE-8A850942DC42}.Debug|Any CPU.ActiveCfg = Debug|Any CPU
		{0CB04FCB-C0B6-4D36-98DE-8A850942DC42}.Debug|Any CPU.Build.0 = Debug|Any CPU
		{0CB04FCB-C0B6-4D36-98DE-8A850942DC42}.Release|Any CPU.ActiveCfg = Release|Any CPU
		{0CB04FCB-C0B6-4D36-98DE-8A850942DC42}.Release|Any CPU.Build.0 = Release|Any CPU
	EndGlobalSection
	GlobalSection(SolutionProperties) = preSolution
		HideSolutionNode = FALSE
	EndGlobalSection
	GlobalSection(ExtensibilityGlobals) = postSolution
		SolutionGuid = {7DD759DE-16F8-4CA9-9541-14BF50170626}
	EndGlobalSection
EndGlobal
